
Microsoft Visual Studio Solution File, Format Version 12.00
# Visual Studio Version 16
VisualStudioVersion = 16.0.31205.134
MinimumVisualStudioVersion = 10.0.40219.1
Project("{FAE04EC0-301F-11D3-BF4B-00C04F79EFBC}") = "Algorithm", "Algorithm\Algorithm.csproj", "{943A8A53-6166-4FD4-87CB-508912626900}"
EndProject
Global
	GlobalSection(SolutionConfigurationPlatforms) = preSolution
		Debug|Any CPU = Debug|Any CPU
		Release|Any CPU = Release|Any CPU
	EndGlobalSection
	GlobalSection(ProjectConfigurationPlatforms) = postSolution
		{943A8A53-6166-4FD4-87CB-508912626900}.Debug|Any CPU.ActiveCfg = Debug|Any CPU
		{943A8A53-6166-4FD4-87CB-508912626900}.Debug|Any CPU.Build.0 = Debug|Any CPU
		{943A8A53-6166-4FD4-87CB-508912626900}.Release|Any CPU.ActiveCfg = Release|Any CPU
		{943A8A53-6166-4FD4-87CB-508912626900}.Release|Any CPU.Build.0 = Release|Any CPU
	EndGlobalSection
	GlobalSection(SolutionProperties) = preSolution
		HideSolutionNode = FALSE
	EndGlobalSection
	GlobalSection(ExtensibilityGlobals) = postSolution
		SolutionGuid = {66A6A3FD-EEC6-466F-8F89-C342CE183749}
	EndGlobalSection
EndGlobal
